// !$*UTF8*$!
{
	archiveVersion = 1;
	classes = {
	};
	objectVersion = 46;
	objects = {

/* Begin PBXBuildFile section */
		6552D17808167F87007B5824 /* AirportObserver.h in Headers */ = {isa = PBXBuildFile; fileRef = 6552D16608167F87007B5824 /* AirportObserver.h */; };
		6552D17908167F87007B5824 /* AirportObserver.m in Sources */ = {isa = PBXBuildFile; fileRef = 6552D16708167F87007B5824 /* AirportObserver.m */; };
		6552D17A08167F87007B5824 /* EthernetObserver.h in Headers */ = {isa = PBXBuildFile; fileRef = 6552D16808167F87007B5824 /* EthernetObserver.h */; };
		6552D17B08167F87007B5824 /* EthernetObserver.m in Sources */ = {isa = PBXBuildFile; fileRef = 6552D16908167F87007B5824 /* EthernetObserver.m */; };
		6552D17C08167F87007B5824 /* IPv4Observer.h in Headers */ = {isa = PBXBuildFile; fileRef = 6552D16A08167F87007B5824 /* IPv4Observer.h */; };
		6552D17D08167F87007B5824 /* IPv4Observer.m in Sources */ = {isa = PBXBuildFile; fileRef = 6552D16B08167F87007B5824 /* IPv4Observer.m */; };
		6552D17E08167F87007B5824 /* NetGrowlerController.h in Headers */ = {isa = PBXBuildFile; fileRef = 6552D16C08167F87007B5824 /* NetGrowlerController.h */; };
		6552D17F08167F87007B5824 /* NetGrowlerController.m in Sources */ = {isa = PBXBuildFile; fileRef = 6552D16D08167F87007B5824 /* NetGrowlerController.m */; };
		6552D18208167F87007B5824 /* PowerNotifier.h in Headers */ = {isa = PBXBuildFile; fileRef = 6552D17008167F87007B5824 /* PowerNotifier.h */; };
		6552D18308167F87007B5824 /* PowerNotifier.m in Sources */ = {isa = PBXBuildFile; fileRef = 6552D17108167F87007B5824 /* PowerNotifier.m */; };
		6552D18408167F87007B5824 /* PPPObserver.h in Headers */ = {isa = PBXBuildFile; fileRef = 6552D17208167F87007B5824 /* PPPObserver.h */; };
		6552D18508167F87007B5824 /* PPPObserver.m in Sources */ = {isa = PBXBuildFile; fileRef = 6552D17308167F87007B5824 /* PPPObserver.m */; };
		6552D18608167F87007B5824 /* SCDynamicStore.h in Headers */ = {isa = PBXBuildFile; fileRef = 6552D17408167F87007B5824 /* SCDynamicStore.h */; };
		6552D18708167F87007B5824 /* SCDynamicStore.m in Sources */ = {isa = PBXBuildFile; fileRef = 6552D17508167F87007B5824 /* SCDynamicStore.m */; };
		6552D18808167F87007B5824 /* SimpleObserver.h in Headers */ = {isa = PBXBuildFile; fileRef = 6552D17608167F87007B5824 /* SimpleObserver.h */; };
		6552D18908167F87007B5824 /* SimpleObserver.m in Sources */ = {isa = PBXBuildFile; fileRef = 6552D17708167F87007B5824 /* SimpleObserver.m */; };
		6552D18C08167F97007B5824 /* main.m in Sources */ = {isa = PBXBuildFile; fileRef = 6552D18A08167F97007B5824 /* main.m */; };
		656F1B38081661FE00B0F1CA /* IOKit.framework in Frameworks */ = {isa = PBXBuildFile; fileRef = 656F1B37081661FE00B0F1CA /* IOKit.framework */; };
		659BA39A0C76BC7600FAFF44 /* NetGrowler.icns in Resources */ = {isa = PBXBuildFile; fileRef = 659BA3990C76BC7600FAFF44 /* NetGrowler.icns */; };
		65D17AD507737296002A10A1 /* SystemConfiguration.framework in Frameworks */ = {isa = PBXBuildFile; fileRef = 65D17AD407737296002A10A1 /* SystemConfiguration.framework */; };
		65DF0FBA19DA75480015F8E1 /* Growl.framework in Frameworks */ = {isa = PBXBuildFile; fileRef = 65DF0FB919DA75480015F8E1 /* Growl.framework */; };
		8D11072B0486CEB800E47090 /* InfoPlist.strings in Resources */ = {isa = PBXBuildFile; fileRef = 089C165CFE840E0CC02AAC07 /* InfoPlist.strings */; };
		8D11072F0486CEB800E47090 /* Cocoa.framework in Frameworks */ = {isa = PBXBuildFile; fileRef = 1058C7A1FEA54F0111CA2CBB /* Cocoa.framework */; };
/* End PBXBuildFile section */

/* Begin PBXCopyFilesBuildPhase section */
		65376A6C07B5A76500947437 /* CopyFiles */ = {
			isa = PBXCopyFilesBuildPhase;
			buildActionMask = 2147483647;
			dstPath = "";
			dstSubfolderSpec = 10;
			files = (
			);
			runOnlyForDeploymentPostprocessing = 0;
		};
/* End PBXCopyFilesBuildPhase section */

/* Begin PBXFileReference section */
		089C165DFE840E0CC02AAC07 /* English */ = {isa = PBXFileReference; fileEncoding = 10; lastKnownFileType = text.plist.strings; name = English; path = English.lproj/InfoPlist.strings; sourceTree = "<group>"; };
		1058C7A1FEA54F0111CA2CBB /* Cocoa.framework */ = {isa = PBXFileReference; lastKnownFileType = wrapper.framework; name = Cocoa.framework; path = /System/Library/Frameworks/Cocoa.framework; sourceTree = "<absolute>"; };
		29B97324FDCFA39411CA2CEA /* AppKit.framework */ = {isa = PBXFileReference; lastKnownFileType = wrapper.framework; name = AppKit.framework; path = /System/Library/Frameworks/AppKit.framework; sourceTree = "<absolute>"; };
		29B97325FDCFA39411CA2CEA /* Foundation.framework */ = {isa = PBXFileReference; lastKnownFileType = wrapper.framework; name = Foundation.framework; path = /System/Library/Frameworks/Foundation.framework; sourceTree = "<absolute>"; };
		6552D16608167F87007B5824 /* AirportObserver.h */ = {isa = PBXFileReference; fileEncoding = 30; lastKnownFileType = sourcecode.c.h; name = AirportObserver.h; path = src/AirportObserver.h; sourceTree = "<group>"; };
		6552D16708167F87007B5824 /* AirportObserver.m */ = {isa = PBXFileReference; fileEncoding = 30; lastKnownFileType = sourcecode.c.objc; name = AirportObserver.m; path = src/AirportObserver.m; sourceTree = "<group>"; };
		6552D16808167F87007B5824 /* EthernetObserver.h */ = {isa = PBXFileReference; fileEncoding = 30; lastKnownFileType = sourcecode.c.h; name = EthernetObserver.h; path = src/EthernetObserver.h; sourceTree = "<group>"; };
		6552D16908167F87007B5824 /* EthernetObserver.m */ = {isa = PBXFileReference; fileEncoding = 30; lastKnownFileType = sourcecode.c.objc; name = EthernetObserver.m; path = src/EthernetObserver.m; sourceTree = "<group>"; };
		6552D16A08167F87007B5824 /* IPv4Observer.h */ = {isa = PBXFileReference; fileEncoding = 30; lastKnownFileType = sourcecode.c.h; name = IPv4Observer.h; path = src/IPv4Observer.h; sourceTree = "<group>"; };
		6552D16B08167F87007B5824 /* IPv4Observer.m */ = {isa = PBXFileReference; fileEncoding = 30; lastKnownFileType = sourcecode.c.objc; name = IPv4Observer.m; path = src/IPv4Observer.m; sourceTree = "<group>"; };
		6552D16C08167F87007B5824 /* NetGrowlerController.h */ = {isa = PBXFileReference; fileEncoding = 30; lastKnownFileType = sourcecode.c.h; name = NetGrowlerController.h; path = src/NetGrowlerController.h; sourceTree = "<group>"; };
		6552D16D08167F87007B5824 /* NetGrowlerController.m */ = {isa = PBXFileReference; fileEncoding = 30; lastKnownFileType = sourcecode.c.objc; name = NetGrowlerController.m; path = src/NetGrowlerController.m; sourceTree = "<group>"; };
		6552D17008167F87007B5824 /* PowerNotifier.h */ = {isa = PBXFileReference; fileEncoding = 30; lastKnownFileType = sourcecode.c.h; name = PowerNotifier.h; path = src/PowerNotifier.h; sourceTree = "<group>"; };
		6552D17108167F87007B5824 /* PowerNotifier.m */ = {isa = PBXFileReference; fileEncoding = 30; lastKnownFileType = sourcecode.c.objc; name = PowerNotifier.m; path = src/PowerNotifier.m; sourceTree = "<group>"; };
		6552D17208167F87007B5824 /* PPPObserver.h */ = {isa = PBXFileReference; fileEncoding = 30; lastKnownFileType = sourcecode.c.h; name = PPPObserver.h; path = src/PPPObserver.h; sourceTree = "<group>"; };
		6552D17308167F87007B5824 /* PPPObserver.m */ = {isa = PBXFileReference; fileEncoding = 30; lastKnownFileType = sourcecode.c.objc; name = PPPObserver.m; path = src/PPPObserver.m; sourceTree = "<group>"; };
		6552D17408167F87007B5824 /* SCDynamicStore.h */ = {isa = PBXFileReference; fileEncoding = 30; lastKnownFileType = sourcecode.c.h; name = SCDynamicStore.h; path = src/SCDynamicStore.h; sourceTree = "<group>"; };
		6552D17508167F87007B5824 /* SCDynamicStore.m */ = {isa = PBXFileReference; fileEncoding = 30; lastKnownFileType = sourcecode.c.objc; name = SCDynamicStore.m; path = src/SCDynamicStore.m; sourceTree = "<group>"; };
		6552D17608167F87007B5824 /* SimpleObserver.h */ = {isa = PBXFileReference; fileEncoding = 30; lastKnownFileType = sourcecode.c.h; name = SimpleObserver.h; path = src/SimpleObserver.h; sourceTree = "<group>"; };
		6552D17708167F87007B5824 /* SimpleObserver.m */ = {isa = PBXFileReference; fileEncoding = 30; lastKnownFileType = sourcecode.c.objc; name = SimpleObserver.m; path = src/SimpleObserver.m; sourceTree = "<group>"; };
		6552D18A08167F97007B5824 /* main.m */ = {isa = PBXFileReference; fileEncoding = 30; lastKnownFileType = sourcecode.c.objc; name = main.m; path = src/main.m; sourceTree = "<group>"; };
		656F1B37081661FE00B0F1CA /* IOKit.framework */ = {isa = PBXFileReference; lastKnownFileType = wrapper.framework; name = IOKit.framework; path = /System/Library/Frameworks/IOKit.framework; sourceTree = "<absolute>"; };
		659BA3990C76BC7600FAFF44 /* NetGrowler.icns */ = {isa = PBXFileReference; lastKnownFileType = image.icns; path = NetGrowler.icns; sourceTree = "<group>"; };
		65D17AD407737296002A10A1 /* SystemConfiguration.framework */ = {isa = PBXFileReference; lastKnownFileType = wrapper.framework; name = SystemConfiguration.framework; path = /System/Library/Frameworks/SystemConfiguration.framework; sourceTree = "<absolute>"; };
		65DF0FB919DA75480015F8E1 /* Growl.framework */ = {isa = PBXFileReference; lastKnownFileType = wrapper.framework; name = Growl.framework; path = ../../../../Library/Frameworks/Growl.framework; sourceTree = "<group>"; };
		8D1107310486CEB800E47090 /* Info.plist */ = {isa = PBXFileReference; fileEncoding = 4; lastKnownFileType = text.plist; path = Info.plist; sourceTree = "<group>"; };
		8D1107320486CEB800E47090 /* NetGrowler.app */ = {isa = PBXFileReference; explicitFileType = wrapper.application; includeInIndex = 0; path = NetGrowler.app; sourceTree = BUILT_PRODUCTS_DIR; };
/* End PBXFileReference section */

/* Begin PBXFrameworksBuildPhase section */
		8D11072E0486CEB800E47090 /* Frameworks */ = {
			isa = PBXFrameworksBuildPhase;
			buildActionMask = 2147483647;
			files = (
				8D11072F0486CEB800E47090 /* Cocoa.framework in Frameworks */,
				65D17AD507737296002A10A1 /* SystemConfiguration.framework in Frameworks */,
				65DF0FBA19DA75480015F8E1 /* Growl.framework in Frameworks */,
				656F1B38081661FE00B0F1CA /* IOKit.framework in Frameworks */,
			);
			runOnlyForDeploymentPostprocessing = 0;
		};
/* End PBXFrameworksBuildPhase section */

/* Begin PBXGroup section */
		080E96DDFE201D6D7F000001 /* Classes */ = {
			isa = PBXGroup;
			children = (
				6552D16608167F87007B5824 /* AirportObserver.h */,
				6552D16708167F87007B5824 /* AirportObserver.m */,
				6552D16808167F87007B5824 /* EthernetObserver.h */,
				6552D16908167F87007B5824 /* EthernetObserver.m */,
				6552D16A08167F87007B5824 /* IPv4Observer.h */,
				6552D16B08167F87007B5824 /* IPv4Observer.m */,
				6552D16C08167F87007B5824 /* NetGrowlerController.h */,
				6552D16D08167F87007B5824 /* NetGrowlerController.m */,
				6552D17008167F87007B5824 /* PowerNotifier.h */,
				6552D17108167F87007B5824 /* PowerNotifier.m */,
				6552D17208167F87007B5824 /* PPPObserver.h */,
				6552D17308167F87007B5824 /* PPPObserver.m */,
				6552D17408167F87007B5824 /* SCDynamicStore.h */,
				6552D17508167F87007B5824 /* SCDynamicStore.m */,
				6552D17608167F87007B5824 /* SimpleObserver.h */,
				6552D17708167F87007B5824 /* SimpleObserver.m */,
			);
			name = Classes;
			sourceTree = "<group>";
		};
		1058C7A0FEA54F0111CA2CBB /* Linked Frameworks */ = {
			isa = PBXGroup;
			children = (
				65DF0FB919DA75480015F8E1 /* Growl.framework */,
				656F1B37081661FE00B0F1CA /* IOKit.framework */,
				65D17AD407737296002A10A1 /* SystemConfiguration.framework */,
				1058C7A1FEA54F0111CA2CBB /* Cocoa.framework */,
			);
			name = "Linked Frameworks";
			sourceTree = "<group>";
		};
		1058C7A2FEA54F0111CA2CBB /* Other Frameworks */ = {
			isa = PBXGroup;
			children = (
				29B97325FDCFA39411CA2CEA /* Foundation.framework */,
				29B97324FDCFA39411CA2CEA /* AppKit.framework */,
			);
			name = "Other Frameworks";
			sourceTree = "<group>";
		};
		19C28FACFE9D520D11CA2CBB /* Products */ = {
			isa = PBXGroup;
			children = (
				8D1107320486CEB800E47090 /* NetGrowler.app */,
			);
			name = Products;
			sourceTree = "<group>";
		};
		29B97314FDCFA39411CA2CEA /* NetGrowler */ = {
			isa = PBXGroup;
			children = (
				080E96DDFE201D6D7F000001 /* Classes */,
				29B97315FDCFA39411CA2CEA /* Other Sources */,
				29B97317FDCFA39411CA2CEA /* Resources */,
				29B97323FDCFA39411CA2CEA /* Frameworks */,
				19C28FACFE9D520D11CA2CBB /* Products */,
			);
			name = NetGrowler;
			sourceTree = "<group>";
		};
		29B97315FDCFA39411CA2CEA /* Other Sources */ = {
			isa = PBXGroup;
			children = (
				6552D18A08167F97007B5824 /* main.m */,
			);
			name = "Other Sources";
			sourceTree = "<group>";
		};
		29B97317FDCFA39411CA2CEA /* Resources */ = {
			isa = PBXGroup;
			children = (
				659BA3990C76BC7600FAFF44 /* NetGrowler.icns */,
				8D1107310486CEB800E47090 /* Info.plist */,
				089C165CFE840E0CC02AAC07 /* InfoPlist.strings */,
			);
			name = Resources;
			sourceTree = "<group>";
		};
		29B97323FDCFA39411CA2CEA /* Frameworks */ = {
			isa = PBXGroup;
			children = (
				1058C7A0FEA54F0111CA2CBB /* Linked Frameworks */,
				1058C7A2FEA54F0111CA2CBB /* Other Frameworks */,
			);
			name = Frameworks;
			sourceTree = "<group>";
		};
/* End PBXGroup section */

/* Begin PBXHeadersBuildPhase section */
		8D1107270486CEB800E47090 /* Headers */ = {
			isa = PBXHeadersBuildPhase;
			buildActionMask = 2147483647;
			files = (
				6552D17808167F87007B5824 /* AirportObserver.h in Headers */,
				6552D17A08167F87007B5824 /* EthernetObserver.h in Headers */,
				6552D17C08167F87007B5824 /* IPv4Observer.h in Headers */,
				6552D17E08167F87007B5824 /* NetGrowlerController.h in Headers */,
				6552D18208167F87007B5824 /* PowerNotifier.h in Headers */,
				6552D18408167F87007B5824 /* PPPObserver.h in Headers */,
				6552D18608167F87007B5824 /* SCDynamicStore.h in Headers */,
				6552D18808167F87007B5824 /* SimpleObserver.h in Headers */,
			);
			runOnlyForDeploymentPostprocessing = 0;
		};
/* End PBXHeadersBuildPhase section */

/* Begin PBXNativeTarget section */
		8D1107260486CEB800E47090 /* NetGrowler */ = {
			isa = PBXNativeTarget;
			buildConfigurationList = 657FAE420AACDD820072F8AF /* Build configuration list for PBXNativeTarget "NetGrowler" */;
			buildPhases = (
				65376A6C07B5A76500947437 /* CopyFiles */,
				8D1107270486CEB800E47090 /* Headers */,
				8D1107290486CEB800E47090 /* Resources */,
				8D11072C0486CEB800E47090 /* Sources */,
				8D11072E0486CEB800E47090 /* Frameworks */,
			);
			buildRules = (
			);
			dependencies = (
			);
			name = NetGrowler;
			productInstallPath = "$(HOME)/Applications";
			productName = NetGrowler;
			productReference = 8D1107320486CEB800E47090 /* NetGrowler.app */;
			productType = "com.apple.product-type.application";
		};
/* End PBXNativeTarget section */

/* Begin PBXProject section */
		29B97313FDCFA39411CA2CEA /* Project object */ = {
			isa = PBXProject;
			attributes = {
				LastUpgradeCheck = 0510;
			};
			buildConfigurationList = 657FAE460AACDD820072F8AF /* Build configuration list for PBXProject "NetGrowler" */;
			compatibilityVersion = "Xcode 3.2";
			developmentRegion = English;
			hasScannedForEncodings = 1;
			knownRegions = (
				en,
				English,
			);
			mainGroup = 29B97314FDCFA39411CA2CEA /* NetGrowler */;
			projectDirPath = "";
			projectRoot = "";
			targets = (
				8D1107260486CEB800E47090 /* NetGrowler */,
			);
		};
/* End PBXProject section */

/* Begin PBXResourcesBuildPhase section */
		8D1107290486CEB800E47090 /* Resources */ = {
			isa = PBXResourcesBuildPhase;
			buildActionMask = 2147483647;
			files = (
				8D11072B0486CEB800E47090 /* InfoPlist.strings in Resources */,
				659BA39A0C76BC7600FAFF44 /* NetGrowler.icns in Resources */,
			);
			runOnlyForDeploymentPostprocessing = 0;
		};
/* End PBXResourcesBuildPhase section */

/* Begin PBXSourcesBuildPhase section */
		8D11072C0486CEB800E47090 /* Sources */ = {
			isa = PBXSourcesBuildPhase;
			buildActionMask = 2147483647;
			files = (
				6552D17908167F87007B5824 /* AirportObserver.m in Sources */,
				6552D17B08167F87007B5824 /* EthernetObserver.m in Sources */,
				6552D17D08167F87007B5824 /* IPv4Observer.m in Sources */,
				6552D17F08167F87007B5824 /* NetGrowlerController.m in Sources */,
				6552D18308167F87007B5824 /* PowerNotifier.m in Sources */,
				6552D18508167F87007B5824 /* PPPObserver.m in Sources */,
				6552D18708167F87007B5824 /* SCDynamicStore.m in Sources */,
				6552D18908167F87007B5824 /* SimpleObserver.m in Sources */,
				6552D18C08167F97007B5824 /* main.m in Sources */,
			);
			runOnlyForDeploymentPostprocessing = 0;
		};
/* End PBXSourcesBuildPhase section */

/* Begin PBXVariantGroup section */
		089C165CFE840E0CC02AAC07 /* InfoPlist.strings */ = {
			isa = PBXVariantGroup;
			children = (
				089C165DFE840E0CC02AAC07 /* English */,
			);
			name = InfoPlist.strings;
			sourceTree = "<group>";
		};
/* End PBXVariantGroup section */

/* Begin XCBuildConfiguration section */
		657FAE430AACDD820072F8AF /* Development */ = {
			isa = XCBuildConfiguration;
			buildSettings = {
				ARCHS = "$(ARCHS_STANDARD)";
				COMBINE_HIDPI_IMAGES = YES;
				COPY_PHASE_STRIP = NO;
				DEBUGGING_SYMBOLS = YES;
				FRAMEWORK_SEARCH_PATHS = "$(LOCAL_LIBRARY_DIR)/Frameworks";
				GCC_DYNAMIC_NO_PIC = NO;
				GCC_ENABLE_FIX_AND_CONTINUE = YES;
				GCC_ENABLE_TRIGRAPHS = NO;
				GCC_GENERATE_DEBUGGING_SYMBOLS = YES;
				GCC_OPTIMIZATION_LEVEL = 0;
				GCC_WARN_ABOUT_MISSING_PROTOTYPES = NO;
				GCC_WARN_FOUR_CHARACTER_CONSTANTS = NO;
				GCC_WARN_UNKNOWN_PRAGMAS = NO;
				HEADER_SEARCH_PATHS = "";
				INFOPLIST_FILE = Info.plist;
				INSTALL_PATH = "$(HOME)/Applications";
				LIBRARY_SEARCH_PATHS = "";
				OPTIMIZATION_CFLAGS = "-O0";
				OTHER_CFLAGS = "";
				OTHER_LDFLAGS = "";
				PRODUCT_NAME = NetGrowler;
				SECTORDER_FLAGS = "";
				VALID_ARCHS = "i386 x86_64";
				WARNING_CFLAGS = (
					"-Wmost",
					"-Wno-four-char-constants",
					"-Wno-unknown-pragmas",
				);
				WRAPPER_EXTENSION = app;
				ZERO_LINK = YES;
			};
			name = Development;
		};
		657FAE440AACDD820072F8AF /* Deployment */ = {
			isa = XCBuildConfiguration;
			buildSettings = {
				ARCHS = "$(ARCHS_STANDARD)";
				COMBINE_HIDPI_IMAGES = YES;
				COPY_PHASE_STRIP = YES;
				FRAMEWORK_SEARCH_PATHS = "$(LOCAL_LIBRARY_DIR)/Frameworks";
				GCC_ENABLE_FIX_AND_CONTINUE = NO;
				GCC_ENABLE_TRIGRAPHS = NO;
				GCC_GENERATE_DEBUGGING_SYMBOLS = NO;
				GCC_WARN_ABOUT_MISSING_PROTOTYPES = NO;
				GCC_WARN_FOUR_CHARACTER_CONSTANTS = NO;
				GCC_WARN_UNKNOWN_PRAGMAS = NO;
				HEADER_SEARCH_PATHS = "";
				INFOPLIST_FILE = Info.plist;
				INSTALL_PATH = "$(HOME)/Applications";
				LIBRARY_SEARCH_PATHS = "";
				OTHER_CFLAGS = "";
				OTHER_LDFLAGS = "";
				PRODUCT_NAME = NetGrowler;
				SECTORDER_FLAGS = "";
				VALID_ARCHS = "i386 x86_64";
				WARNING_CFLAGS = (
					"-Wmost",
					"-Wno-four-char-constants",
					"-Wno-unknown-pragmas",
				);
				WRAPPER_EXTENSION = app;
				ZERO_LINK = NO;
			};
			name = Deployment;
		};
		657FAE450AACDD820072F8AF /* Default */ = {
			isa = XCBuildConfiguration;
			buildSettings = {
				ARCHS = "$(ARCHS_STANDARD)";
				COMBINE_HIDPI_IMAGES = YES;
				FRAMEWORK_SEARCH_PATHS = "$(LOCAL_LIBRARY_DIR)/Frameworks";
				GCC_ENABLE_TRIGRAPHS = NO;
				GCC_GENERATE_DEBUGGING_SYMBOLS = NO;
				GCC_WARN_ABOUT_MISSING_PROTOTYPES = NO;
				GCC_WARN_FOUR_CHARACTER_CONSTANTS = NO;
				GCC_WARN_UNKNOWN_PRAGMAS = NO;
				HEADER_SEARCH_PATHS = "";
				INFOPLIST_FILE = Info.plist;
				INSTALL_PATH = "$(HOME)/Applications";
				LIBRARY_SEARCH_PATHS = "";
				OTHER_CFLAGS = "";
				OTHER_LDFLAGS = "";
				PRODUCT_NAME = NetGrowler;
				SECTORDER_FLAGS = "";
				VALID_ARCHS = "i386 x86_64";
				WARNING_CFLAGS = (
					"-Wmost",
					"-Wno-four-char-constants",
					"-Wno-unknown-pragmas",
				);
				WRAPPER_EXTENSION = app;
			};
			name = Default;
		};
		657FAE470AACDD820072F8AF /* Development */ = {
			isa = XCBuildConfiguration;
			buildSettings = {
				ARCHS = "$(ARCHS_STANDARD_32_BIT)";
				SDKROOT = macosx10.8;
				VALID_ARCHS = i386;
			};
			name = Development;
		};
		657FAE480AACDD820072F8AF /* Deployment */ = {
			isa = XCBuildConfiguration;
			buildSettings = {
				ARCHS = "$(ARCHS_STANDARD_32_BIT)";
				SDKROOT = macosx10.8;
				VALID_ARCHS = i386;
			};
			name = Deployment;
		};
		657FAE490AACDD820072F8AF /* Default */ = {
			isa = XCBuildConfiguration;
			buildSettings = {
				ARCHS = "$(ARCHS_STANDARD_32_BIT)";
				SDKROOT = macosx10.8;
				VALID_ARCHS = i386;
			};
			name = Default;
		};
/* End XCBuildConfiguration section */

/* Begin XCConfigurationList section */
		657FAE420AACDD820072F8AF /* Build configuration list for PBXNativeTarget "NetGrowler" */ = {
			isa = XCConfigurationList;
			buildConfigurations = (
				657FAE430AACDD820072F8AF /* Development */,
				657FAE440AACDD820072F8AF /* Deployment */,
				657FAE450AACDD820072F8AF /* Default */,
			);
			defaultConfigurationIsVisible = 0;
			defaultConfigurationName = Default;
		};
		657FAE460AACDD820072F8AF /* Build configuration list for PBXProject "NetGrowler" */ = {
			isa = XCConfigurationList;
			buildConfigurations = (
				657FAE470AACDD820072F8AF /* Development */,
				657FAE480AACDD820072F8AF /* Deployment */,
				657FAE490AACDD820072F8AF /* Default */,
			);
			defaultConfigurationIsVisible = 0;
			defaultConfigurationName = Default;
		};
/* End XCConfigurationList section */
	};
	rootObject = 29B97313FDCFA39411CA2CEA /* Project object */;
}
